// !$*UTF8*$!
{
	archiveVersion = 1;
	classes = {
	};
	objectVersion = 55;
	objects = {

/* Begin PBXBuildFile section */
		043A56FE27E87FBD005492E2 /* AppDelegate.swift in Sources */ = {isa = PBXBuildFile; fileRef = 043A56FD27E87FBD005492E2 /* AppDelegate.swift */; };
		043A570027E87FBD005492E2 /* SceneDelegate.swift in Sources */ = {isa = PBXBuildFile; fileRef = 043A56FF27E87FBD005492E2 /* SceneDelegate.swift */; };
		043A570227E87FBD005492E2 /* ViewController.swift in Sources */ = {isa = PBXBuildFile; fileRef = 043A570127E87FBD005492E2 /* ViewController.swift */; };
		043A570527E87FBD005492E2 /* Main.storyboard in Resources */ = {isa = PBXBuildFile; fileRef = 043A570327E87FBD005492E2 /* Main.storyboard */; };
		043A570727E87FBF005492E2 /* Assets.xcassets in Resources */ = {isa = PBXBuildFile; fileRef = 043A570627E87FBF005492E2 /* Assets.xcassets */; };
		043A570A27E87FBF005492E2 /* LaunchScreen.storyboard in Resources */ = {isa = PBXBuildFile; fileRef = 043A570827E87FBF005492E2 /* LaunchScreen.storyboard */; };
		043A571527E87FBF005492E2 /* BLEScanTests.swift in Sources */ = {isa = PBXBuildFile; fileRef = 043A571427E87FBF005492E2 /* BLEScanTests.swift */; };
		043A571F27E87FBF005492E2 /* BLEScanUITests.swift in Sources */ = {isa = PBXBuildFile; fileRef = 043A571E27E87FBF005492E2 /* BLEScanUITests.swift */; };
		043A572127E87FBF005492E2 /* BLEScanUITestsLaunchTests.swift in Sources */ = {isa = PBXBuildFile; fileRef = 043A572027E87FBF005492E2 /* BLEScanUITestsLaunchTests.swift */; };
		043A572E27E88052005492E2 /* BLEScan.swift in Sources */ = {isa = PBXBuildFile; fileRef = 043A572D27E88052005492E2 /* BLEScan.swift */; };
		AC27A0A1215796D8A0000DF0 /* libPods-BLEScan.a in Frameworks */ = {isa = PBXBuildFile; fileRef = 3F00D42E25AEED4D7104E944 /* libPods-BLEScan.a */; };
/* End PBXBuildFile section */

/* Begin PBXContainerItemProxy section */
		043A571127E87FBF005492E2 /* PBXContainerItemProxy */ = {
			isa = PBXContainerItemProxy;
			containerPortal = 043A56F227E87FBD005492E2 /* Project object */;
			proxyType = 1;
			remoteGlobalIDString = 043A56F927E87FBD005492E2;
			remoteInfo = BLEScan;
		};
		043A571B27E87FBF005492E2 /* PBXContainerItemProxy */ = {
			isa = PBXContainerItemProxy;
			containerPortal = 043A56F227E87FBD005492E2 /* Project object */;
			proxyType = 1;
			remoteGlobalIDString = 043A56F927E87FBD005492E2;
			remoteInfo = BLEScan;
		};
/* End PBXContainerItemProxy section */

/* Begin PBXFileReference section */
		043A56FA27E87FBD005492E2 /* BLEScan.app */ = {isa = PBXFileReference; explicitFileType = wrapper.application; includeInIndex = 0; path = BLEScan.app; sourceTree = BUILT_PRODUCTS_DIR; };
		043A56FD27E87FBD005492E2 /* AppDelegate.swift */ = {isa = PBXFileReference; lastKnownFileType = sourcecode.swift; path = AppDelegate.swift; sourceTree = "<group>"; };
		043A56FF27E87FBD005492E2 /* SceneDelegate.swift */ = {isa = PBXFileReference; lastKnownFileType = sourcecode.swift; path = SceneDelegate.swift; sourceTree = "<group>"; };
		043A570127E87FBD005492E2 /* ViewController.swift */ = {isa = PBXFileReference; lastKnownFileType = sourcecode.swift; path = ViewController.swift; sourceTree = "<group>"; };
		043A570427E87FBD005492E2 /* Base */ = {isa = PBXFileReference; lastKnownFileType = file.storyboard; name = Base; path = Base.lproj/Main.storyboard; sourceTree = "<group>"; };
		043A570627E87FBF005492E2 /* Assets.xcassets */ = {isa = PBXFileReference; lastKnownFileType = folder.assetcatalog; path = Assets.xcassets; sourceTree = "<group>"; };
		043A570927E87FBF005492E2 /* Base */ = {isa = PBXFileReference; lastKnownFileType = file.storyboard; name = Base; path = Base.lproj/LaunchScreen.storyboard; sourceTree = "<group>"; };
		043A570B27E87FBF005492E2 /* Info.plist */ = {isa = PBXFileReference; lastKnownFileType = text.plist.xml; path = Info.plist; sourceTree = "<group>"; };
		043A571027E87FBF005492E2 /* BLEScanTests.xctest */ = {isa = PBXFileReference; explicitFileType = wrapper.cfbundle; includeInIndex = 0; path = BLEScanTests.xctest; sourceTree = BUILT_PRODUCTS_DIR; };
		043A571427E87FBF005492E2 /* BLEScanTests.swift */ = {isa = PBXFileReference; lastKnownFileType = sourcecode.swift; path = BLEScanTests.swift; sourceTree = "<group>"; };
		043A571A27E87FBF005492E2 /* BLEScanUITests.xctest */ = {isa = PBXFileReference; explicitFileType = wrapper.cfbundle; includeInIndex = 0; path = BLEScanUITests.xctest; sourceTree = BUILT_PRODUCTS_DIR; };
		043A571E27E87FBF005492E2 /* BLEScanUITests.swift */ = {isa = PBXFileReference; lastKnownFileType = sourcecode.swift; path = BLEScanUITests.swift; sourceTree = "<group>"; };
		043A572027E87FBF005492E2 /* BLEScanUITestsLaunchTests.swift */ = {isa = PBXFileReference; lastKnownFileType = sourcecode.swift; path = BLEScanUITestsLaunchTests.swift; sourceTree = "<group>"; };
		043A572D27E88052005492E2 /* BLEScan.swift */ = {isa = PBXFileReference; lastKnownFileType = sourcecode.swift; path = BLEScan.swift; sourceTree = "<group>"; };
		3F00D42E25AEED4D7104E944 /* libPods-BLEScan.a */ = {isa = PBXFileReference; explicitFileType = archive.ar; includeInIndex = 0; path = "libPods-BLEScan.a"; sourceTree = BUILT_PRODUCTS_DIR; };
		4D71714B90EA5E9BF636F05F /* Pods-BLEScan.debug.xcconfig */ = {isa = PBXFileReference; includeInIndex = 1; lastKnownFileType = text.xcconfig; name = "Pods-BLEScan.debug.xcconfig"; path = "Target Support Files/Pods-BLEScan/Pods-BLEScan.debug.xcconfig"; sourceTree = "<group>"; };
		55371B35DE598983C0878A55 /* Pods-BLEScan.release.xcconfig */ = {isa = PBXFileReference; includeInIndex = 1; lastKnownFileType = text.xcconfig; name = "Pods-BLEScan.release.xcconfig"; path = "Target Support Files/Pods-BLEScan/Pods-BLEScan.release.xcconfig"; sourceTree = "<group>"; };
/* End PBXFileReference section */

/* Begin PBXFrameworksBuildPhase section */
		043A56F727E87FBD005492E2 /* Frameworks */ = {
			isa = PBXFrameworksBuildPhase;
			buildActionMask = 2147483647;
			files = (
				AC27A0A1215796D8A0000DF0 /* libPods-BLEScan.a in Frameworks */,
			);
			runOnlyForDeploymentPostprocessing = 0;
		};
		043A570D27E87FBF005492E2 /* Frameworks */ = {
			isa = PBXFrameworksBuildPhase;
			buildActionMask = 2147483647;
			files = (
			);
			runOnlyForDeploymentPostprocessing = 0;
		};
		043A571727E87FBF005492E2 /* Frameworks */ = {
			isa = PBXFrameworksBuildPhase;
			buildActionMask = 2147483647;
			files = (
			);
			runOnlyForDeploymentPostprocessing = 0;
		};
/* End PBXFrameworksBuildPhase section */

/* Begin PBXGroup section */
		043A56F127E87FBD005492E2 = {
			isa = PBXGroup;
			children = (
				043A56FC27E87FBD005492E2 /* BLEScan */,
				043A571327E87FBF005492E2 /* BLEScanTests */,
				043A571D27E87FBF005492E2 /* BLEScanUITests */,
				043A56FB27E87FBD005492E2 /* Products */,
				E7797F502CA5EA278C2C31E0 /* Pods */,
				620BFCAB2A53CDA202152C7C /* Frameworks */,
			);
			sourceTree = "<group>";
		};
		043A56FB27E87FBD005492E2 /* Products */ = {
			isa = PBXGroup;
			children = (
				043A56FA27E87FBD005492E2 /* BLEScan.app */,
				043A571027E87FBF005492E2 /* BLEScanTests.xctest */,
				043A571A27E87FBF005492E2 /* BLEScanUITests.xctest */,
			);
			name = Products;
			sourceTree = "<group>";
		};
		043A56FC27E87FBD005492E2 /* BLEScan */ = {
			isa = PBXGroup;
			children = (
				043A56FD27E87FBD005492E2 /* AppDelegate.swift */,
				043A56FF27E87FBD005492E2 /* SceneDelegate.swift */,
				043A570127E87FBD005492E2 /* ViewController.swift */,
				043A572D27E88052005492E2 /* BLEScan.swift */,
				043A570327E87FBD005492E2 /* Main.storyboard */,
				043A570627E87FBF005492E2 /* Assets.xcassets */,
				043A570827E87FBF005492E2 /* LaunchScreen.storyboard */,
				043A570B27E87FBF005492E2 /* Info.plist */,
			);
			path = BLEScan;
			sourceTree = "<group>";
		};
		043A571327E87FBF005492E2 /* BLEScanTests */ = {
			isa = PBXGroup;
			children = (
				043A571427E87FBF005492E2 /* BLEScanTests.swift */,
			);
			path = BLEScanTests;
			sourceTree = "<group>";
		};
		043A571D27E87FBF005492E2 /* BLEScanUITests */ = {
			isa = PBXGroup;
			children = (
				043A571E27E87FBF005492E2 /* BLEScanUITests.swift */,
				043A572027E87FBF005492E2 /* BLEScanUITestsLaunchTests.swift */,
			);
			path = BLEScanUITests;
			sourceTree = "<group>";
		};
		620BFCAB2A53CDA202152C7C /* Frameworks */ = {
			isa = PBXGroup;
			children = (
				3F00D42E25AEED4D7104E944 /* libPods-BLEScan.a */,
			);
			name = Frameworks;
			sourceTree = "<group>";
		};
		E7797F502CA5EA278C2C31E0 /* Pods */ = {
			isa = PBXGroup;
			children = (
				4D71714B90EA5E9BF636F05F /* Pods-BLEScan.debug.xcconfig */,
				55371B35DE598983C0878A55 /* Pods-BLEScan.release.xcconfig */,
			);
			name = Pods;
			path = Pods;
			sourceTree = "<group>";
		};
/* End PBXGroup section */

/* Begin PBXNativeTarget section */
		043A56F927E87FBD005492E2 /* BLEScan */ = {
			isa = PBXNativeTarget;
			buildConfigurationList = 043A572427E87FBF005492E2 /* Build configuration list for PBXNativeTarget "BLEScan" */;
			buildPhases = (
				A05BB415EA277D69ACE676B5 /* [CP] Check Pods Manifest.lock */,
				043A56F627E87FBD005492E2 /* Sources */,
				043A56F727E87FBD005492E2 /* Frameworks */,
				043A56F827E87FBD005492E2 /* Resources */,
			);
			buildRules = (
			);
			dependencies = (
			);
			name = BLEScan;
			productName = BLEScan;
			productReference = 043A56FA27E87FBD005492E2 /* BLEScan.app */;
			productType = "com.apple.product-type.application";
		};
		043A570F27E87FBF005492E2 /* BLEScanTests */ = {
			isa = PBXNativeTarget;
			buildConfigurationList = 043A572727E87FBF005492E2 /* Build configuration list for PBXNativeTarget "BLEScanTests" */;
			buildPhases = (
				043A570C27E87FBF005492E2 /* Sources */,
				043A570D27E87FBF005492E2 /* Frameworks */,
				043A570E27E87FBF005492E2 /* Resources */,
			);
			buildRules = (
			);
			dependencies = (
				043A571227E87FBF005492E2 /* PBXTargetDependency */,
			);
			name = BLEScanTests;
			productName = BLEScanTests;
			productReference = 043A571027E87FBF005492E2 /* BLEScanTests.xctest */;
			productType = "com.apple.product-type.bundle.unit-test";
		};
		043A571927E87FBF005492E2 /* BLEScanUITests */ = {
			isa = PBXNativeTarget;
			buildConfigurationList = 043A572A27E87FBF005492E2 /* Build configuration list for PBXNativeTarget "BLEScanUITests" */;
			buildPhases = (
				043A571627E87FBF005492E2 /* Sources */,
				043A571727E87FBF005492E2 /* Frameworks */,
				043A571827E87FBF005492E2 /* Resources */,
			);
			buildRules = (
			);
			dependencies = (
				043A571C27E87FBF005492E2 /* PBXTargetDependency */,
			);
			name = BLEScanUITests;
			productName = BLEScanUITests;
			productReference = 043A571A27E87FBF005492E2 /* BLEScanUITests.xctest */;
			productType = "com.apple.product-type.bundle.ui-testing";
		};
/* End PBXNativeTarget section */

/* Begin PBXProject section */
		043A56F227E87FBD005492E2 /* Project object */ = {
			isa = PBXProject;
			attributes = {
				BuildIndependentTargetsInParallel = 1;
				LastSwiftUpdateCheck = 1330;
				LastUpgradeCheck = 1330;
				TargetAttributes = {
					043A56F927E87FBD005492E2 = {
						CreatedOnToolsVersion = 13.3;
					};
					043A570F27E87FBF005492E2 = {
						CreatedOnToolsVersion = 13.3;
						TestTargetID = 043A56F927E87FBD005492E2;
					};
					043A571927E87FBF005492E2 = {
						CreatedOnToolsVersion = 13.3;
						TestTargetID = 043A56F927E87FBD005492E2;
					};
				};
			};
			buildConfigurationList = 043A56F527E87FBD005492E2 /* Build configuration list for PBXProject "BLEScan" */;
			compatibilityVersion = "Xcode 13.0";
			developmentRegion = en;
			hasScannedForEncodings = 0;
			knownRegions = (
				en,
				Base,
			);
			mainGroup = 043A56F127E87FBD005492E2;
			productRefGroup = 043A56FB27E87FBD005492E2 /* Products */;
			projectDirPath = "";
			projectRoot = "";
			targets = (
				043A56F927E87FBD005492E2 /* BLEScan */,
				043A570F27E87FBF005492E2 /* BLEScanTests */,
				043A571927E87FBF005492E2 /* BLEScanUITests */,
			);
		};
/* End PBXProject section */

/* Begin PBXResourcesBuildPhase section */
		043A56F827E87FBD005492E2 /* Resources */ = {
			isa = PBXResourcesBuildPhase;
			buildActionMask = 2147483647;
			files = (
				043A570A27E87FBF005492E2 /* LaunchScreen.storyboard in Resources */,
				043A570727E87FBF005492E2 /* Assets.xcassets in Resources */,
				043A570527E87FBD005492E2 /* Main.storyboard in Resources */,
			);
			runOnlyForDeploymentPostprocessing = 0;
		};
		043A570E27E87FBF005492E2 /* Resources */ = {
			isa = PBXResourcesBuildPhase;
			buildActionMask = 2147483647;
			files = (
			);
			runOnlyForDeploymentPostprocessing = 0;
		};
		043A571827E87FBF005492E2 /* Resources */ = {
			isa = PBXResourcesBuildPhase;
			buildActionMask = 2147483647;
			files = (
			);
			runOnlyForDeploymentPostprocessing = 0;
		};
/* End PBXResourcesBuildPhase section */

/* Begin PBXShellScriptBuildPhase section */
		A05BB415EA277D69ACE676B5 /* [CP] Check Pods Manifest.lock */ = {
			isa = PBXShellScriptBuildPhase;
			buildActionMask = 2147483647;
			files = (
			);
			inputFileListPaths = (
			);
			inputPaths = (
				"${PODS_PODFILE_DIR_PATH}/Podfile.lock",
				"${PODS_ROOT}/Manifest.lock",
			);
			name = "[CP] Check Pods Manifest.lock";
			outputFileListPaths = (
			);
			outputPaths = (
				"$(DERIVED_FILE_DIR)/Pods-BLEScan-checkManifestLockResult.txt",
			);
			runOnlyForDeploymentPostprocessing = 0;
			shellPath = /bin/sh;
			shellScript = "diff \"${PODS_PODFILE_DIR_PATH}/Podfile.lock\" \"${PODS_ROOT}/Manifest.lock\" > /dev/null\nif [ $? != 0 ] ; then\n    # print error to STDERR\n    echo \"error: The sandbox is not in sync with the Podfile.lock. Run 'pod install' or update your CocoaPods installation.\" >&2\n    exit 1\nfi\n# This output is used by Xcode 'outputs' to avoid re-running this script phase.\necho \"SUCCESS\" > \"${SCRIPT_OUTPUT_FILE_0}\"\n";
			showEnvVarsInLog = 0;
		};
/* End PBXShellScriptBuildPhase section */

/* Begin PBXSourcesBuildPhase section */
		043A56F627E87FBD005492E2 /* Sources */ = {
			isa = PBXSourcesBuildPhase;
			buildActionMask = 2147483647;
			files = (
				043A572E27E88052005492E2 /* BLEScan.swift in Sources */,
				043A570227E87FBD005492E2 /* ViewController.swift in Sources */,
				043A56FE27E87FBD005492E2 /* AppDelegate.swift in Sources */,
				043A570027E87FBD005492E2 /* SceneDelegate.swift in Sources */,
			);
			runOnlyForDeploymentPostprocessing = 0;
		};
		043A570C27E87FBF005492E2 /* Sources */ = {
			isa = PBXSourcesBuildPhase;
			buildActionMask = 2147483647;
			files = (
				043A571527E87FBF005492E2 /* BLEScanTests.swift in Sources */,
			);
			runOnlyForDeploymentPostprocessing = 0;
		};
		043A571627E87FBF005492E2 /* Sources */ = {
			isa = PBXSourcesBuildPhase;
			buildActionMask = 2147483647;
			files = (
				043A571F27E87FBF005492E2 /* BLEScanUITests.swift in Sources */,
				043A572127E87FBF005492E2 /* BLEScanUITestsLaunchTests.swift in Sources */,
			);
			runOnlyForDeploymentPostprocessing = 0;
		};
/* End PBXSourcesBuildPhase section */

/* Begin PBXTargetDependency section */
		043A571227E87FBF005492E2 /* PBXTargetDependency */ = {
			isa = PBXTargetDependency;
			target = 043A56F927E87FBD005492E2 /* BLEScan */;
			targetProxy = 043A571127E87FBF005492E2 /* PBXContainerItemProxy */;
		};
		043A571C27E87FBF005492E2 /* PBXTargetDependency */ = {
			isa = PBXTargetDependency;
			target = 043A56F927E87FBD005492E2 /* BLEScan */;
			targetProxy = 043A571B27E87FBF005492E2 /* PBXContainerItemProxy */;
		};
/* End PBXTargetDependency section */

/* Begin PBXVariantGroup section */
		043A570327E87FBD005492E2 /* Main.storyboard */ = {
			isa = PBXVariantGroup;
			children = (
				043A570427E87FBD005492E2 /* Base */,
			);
			name = Main.storyboard;
			sourceTree = "<group>";
		};
		043A570827E87FBF005492E2 /* LaunchScreen.storyboard */ = {
			isa = PBXVariantGroup;
			children = (
				043A570927E87FBF005492E2 /* Base */,
			);
			name = LaunchScreen.storyboard;
			sourceTree = "<group>";
		};
/* End PBXVariantGroup section */

/* Begin XCBuildConfiguration section */
		043A572227E87FBF005492E2 /* Debug */ = {
			isa = XCBuildConfiguration;
			buildSettings = {
				ALWAYS_SEARCH_USER_PATHS = NO;
				CLANG_ANALYZER_NONNULL = YES;
				CLANG_ANALYZER_NUMBER_OBJECT_CONVERSION = YES_AGGRESSIVE;
				CLANG_CXX_LANGUAGE_STANDARD = "gnu++17";
				CLANG_ENABLE_MODULES = YES;
				CLANG_ENABLE_OBJC_ARC = YES;
				CLANG_ENABLE_OBJC_WEAK = YES;
				CLANG_WARN_BLOCK_CAPTURE_AUTORELEASING = YES;
				CLANG_WARN_BOOL_CONVERSION = YES;
				CLANG_WARN_COMMA = YES;
				CLANG_WARN_CONSTANT_CONVERSION = YES;
				CLANG_WARN_DEPRECATED_OBJC_IMPLEMENTATIONS = YES;
				CLANG_WARN_DIRECT_OBJC_ISA_USAGE = YES_ERROR;
				CLANG_WARN_DOCUMENTATION_COMMENTS = YES;
				CLANG_WARN_EMPTY_BODY = YES;
				CLANG_WARN_ENUM_CONVERSION = YES;
				CLANG_WARN_INFINITE_RECURSION = YES;
				CLANG_WARN_INT_CONVERSION = YES;
				CLANG_WARN_NON_LITERAL_NULL_CONVERSION = YES;
				CLANG_WARN_OBJC_IMPLICIT_RETAIN_SELF = YES;
				CLANG_WARN_OBJC_LITERAL_CONVERSION = YES;
				CLANG_WARN_OBJC_ROOT_CLASS = YES_ERROR;
				CLANG_WARN_QUOTED_INCLUDE_IN_FRAMEWORK_HEADER = YES;
				CLANG_WARN_RANGE_LOOP_ANALYSIS = YES;
				CLANG_WARN_STRICT_PROTOTYPES = YES;
				CLANG_WARN_SUSPICIOUS_MOVE = YES;
				CLANG_WARN_UNGUARDED_AVAILABILITY = YES_AGGRESSIVE;
				CLANG_WARN_UNREACHABLE_CODE = YES;
				CLANG_WARN__DUPLICATE_METHOD_MATCH = YES;
				COPY_PHASE_STRIP = NO;
				DEBUG_INFORMATION_FORMAT = dwarf;
				ENABLE_STRICT_OBJC_MSGSEND = YES;
				ENABLE_TESTABILITY = YES;
				GCC_C_LANGUAGE_STANDARD = gnu11;
				GCC_DYNAMIC_NO_PIC = NO;
				GCC_NO_COMMON_BLOCKS = YES;
				GCC_OPTIMIZATION_LEVEL = 0;
				GCC_PREPROCESSOR_DEFINITIONS = (
					"DEBUG=1",
					"$(inherited)",
				);
				GCC_WARN_64_TO_32_BIT_CONVERSION = YES;
				GCC_WARN_ABOUT_RETURN_TYPE = YES_ERROR;
				GCC_WARN_UNDECLARED_SELECTOR = YES;
				GCC_WARN_UNINITIALIZED_AUTOS = YES_AGGRESSIVE;
				GCC_WARN_UNUSED_FUNCTION = YES;
				GCC_WARN_UNUSED_VARIABLE = YES;
				IPHONEOS_DEPLOYMENT_TARGET = 15.4;
				MTL_ENABLE_DEBUG_INFO = INCLUDE_SOURCE;
				MTL_FAST_MATH = YES;
				ONLY_ACTIVE_ARCH = YES;
				SDKROOT = iphoneos;
				SWIFT_ACTIVE_COMPILATION_CONDITIONS = DEBUG;
				SWIFT_OPTIMIZATION_LEVEL = "-Onone";
			};
			name = Debug;
		};
		043A572327E87FBF005492E2 /* Release */ = {
			isa = XCBuildConfiguration;
			buildSettings = {
				ALWAYS_SEARCH_USER_PATHS = NO;
				CLANG_ANALYZER_NONNULL = YES;
				CLANG_ANALYZER_NUMBER_OBJECT_CONVERSION = YES_AGGRESSIVE;
				CLANG_CXX_LANGUAGE_STANDARD = "gnu++17";
				CLANG_ENABLE_MODULES = YES;
				CLANG_ENABLE_OBJC_ARC = YES;
				CLANG_ENABLE_OBJC_WEAK = YES;
				CLANG_WARN_BLOCK_CAPTURE_AUTORELEASING = YES;
				CLANG_WARN_BOOL_CONVERSION = YES;
				CLANG_WARN_COMMA = YES;
				CLANG_WARN_CONSTANT_CONVERSION = YES;
				CLANG_WARN_DEPRECATED_OBJC_IMPLEMENTATIONS = YES;
				CLANG_WARN_DIRECT_OBJC_ISA_USAGE = YES_ERROR;
				CLANG_WARN_DOCUMENTATION_COMMENTS = YES;
				CLANG_WARN_EMPTY_BODY = YES;
				CLANG_WARN_ENUM_CONVERSION = YES;
				CLANG_WARN_INFINITE_RECURSION = YES;
				CLANG_WARN_INT_CONVERSION = YES;
				CLANG_WARN_NON_LITERAL_NULL_CONVERSION = YES;
				CLANG_WARN_OBJC_IMPLICIT_RETAIN_SELF = YES;
				CLANG_WARN_OBJC_LITERAL_CONVERSION = YES;
				CLANG_WARN_OBJC_ROOT_CLASS = YES_ERROR;
				CLANG_WARN_QUOTED_INCLUDE_IN_FRAMEWORK_HEADER = YES;
				CLANG_WARN_RANGE_LOOP_ANALYSIS = YES;
				CLANG_WARN_STRICT_PROTOTYPES = YES;
				CLANG_WARN_SUSPICIOUS_MOVE = YES;
				CLANG_WARN_UNGUARDED_AVAILABILITY = YES_AGGRESSIVE;
				CLANG_WARN_UNREACHABLE_CODE = YES;
				CLANG_WARN__DUPLICATE_METHOD_MATCH = YES;
				COPY_PHASE_STRIP = NO;
				DEBUG_INFORMATION_FORMAT = "dwarf-with-dsym";
				ENABLE_NS_ASSERTIONS = NO;
				ENABLE_STRICT_OBJC_MSGSEND = YES;
				GCC_C_LANGUAGE_STANDARD = gnu11;
				GCC_NO_COMMON_BLOCKS = YES;
				GCC_WARN_64_TO_32_BIT_CONVERSION = YES;
				GCC_WARN_ABOUT_RETURN_TYPE = YES_ERROR;
				GCC_WARN_UNDECLARED_SELECTOR = YES;
				GCC_WARN_UNINITIALIZED_AUTOS = YES_AGGRESSIVE;
				GCC_WARN_UNUSED_FUNCTION = YES;
				GCC_WARN_UNUSED_VARIABLE = YES;
				IPHONEOS_DEPLOYMENT_TARGET = 15.4;
				MTL_ENABLE_DEBUG_INFO = NO;
				MTL_FAST_MATH = YES;
				SDKROOT = iphoneos;
				SWIFT_COMPILATION_MODE = wholemodule;
				SWIFT_OPTIMIZATION_LEVEL = "-O";
				VALIDATE_PRODUCT = YES;
			};
			name = Release;
		};
		043A572527E87FBF005492E2 /* Debug */ = {
			isa = XCBuildConfiguration;
			baseConfigurationReference = 4D71714B90EA5E9BF636F05F /* Pods-BLEScan.debug.xcconfig */;
			buildSettings = {
				ASSETCATALOG_COMPILER_APPICON_NAME = AppIcon;
				ASSETCATALOG_COMPILER_GLOBAL_ACCENT_COLOR_NAME = AccentColor;
				CODE_SIGN_STYLE = Automatic;
				CURRENT_PROJECT_VERSION = 1;
				DEVELOPMENT_TEAM = 2BJ4272MRL;
				GENERATE_INFOPLIST_FILE = YES;
				INFOPLIST_FILE = BLEScan/Info.plist;
				INFOPLIST_KEY_UIApplicationSupportsIndirectInputEvents = YES;
				INFOPLIST_KEY_UILaunchStoryboardName = LaunchScreen;
				INFOPLIST_KEY_UIMainStoryboardFile = Main;
				INFOPLIST_KEY_UISupportedInterfaceOrientations_iPad = "UIInterfaceOrientationPortrait UIInterfaceOrientationPortraitUpsideDown UIInterfaceOrientationLandscapeLeft UIInterfaceOrientationLandscapeRight";
				INFOPLIST_KEY_UISupportedInterfaceOrientations_iPhone = "UIInterfaceOrientationPortrait UIInterfaceOrientationLandscapeLeft UIInterfaceOrientationLandscapeRight";
				LD_RUNPATH_SEARCH_PATHS = (
					"$(inherited)",
					"@executable_path/Frameworks",
				);
				MARKETING_VERSION = 1.0;
				PRODUCT_BUNDLE_IDENTIFIER = actia.BLEScan;
				PRODUCT_NAME = "$(TARGET_NAME)";
				SWIFT_EMIT_LOC_STRINGS = YES;
				SWIFT_VERSION = 5.0;
				TARGETED_DEVICE_FAMILY = "1,2";
			};
			name = Debug;
		};
		043A572627E87FBF005492E2 /* Release */ = {
			isa = XCBuildConfiguration;
			baseConfigurationReference = 55371B35DE598983C0878A55 /* Pods-BLEScan.release.xcconfig */;
			buildSettings = {
				ASSETCATALOG_COMPILER_APPICON_NAME = AppIcon;
				ASSETCATALOG_COMPILER_GLOBAL_ACCENT_COLOR_NAME = AccentColor;
				CODE_SIGN_STYLE = Automatic;
				CURRENT_PROJECT_VERSION = 1;
				DEVELOPMENT_TEAM = 2BJ4272MRL;
				GENERATE_INFOPLIST_FILE = YES;
				INFOPLIST_FILE = BLEScan/Info.plist;
				INFOPLIST_KEY_UIApplicationSupportsIndirectInputEvents = YES;
				INFOPLIST_KEY_UILaunchStoryboardName = LaunchScreen;
				INFOPLIST_KEY_UIMainStoryboardFile = Main;
				INFOPLIST_KEY_UISupportedInterfaceOrientations_iPad = "UIInterfaceOrientationPortrait UIInterfaceOrientationPortraitUpsideDown UIInterfaceOrientationLandscapeLeft UIInterfaceOrientationLandscapeRight";
				INFOPLIST_KEY_UISupportedInterfaceOrientations_iPhone = "UIInterfaceOrientationPortrait UIInterfaceOrientationLandscapeLeft UIInterfaceOrientationLandscapeRight";
				LD_RUNPATH_SEARCH_PATHS = (
					"$(inherited)",
					"@executable_path/Frameworks",
				);
				MARKETING_VERSION = 1.0;
				PRODUCT_BUNDLE_IDENTIFIER = actia.BLEScan;
				PRODUCT_NAME = "$(TARGET_NAME)";
				SWIFT_EMIT_LOC_STRINGS = YES;
				SWIFT_VERSION = 5.0;
				TARGETED_DEVICE_FAMILY = "1,2";
			};
			name = Release;
		};
		043A572827E87FBF005492E2 /* Debug */ = {
			isa = XCBuildConfiguration;
			buildSettings = {
				ALWAYS_EMBED_SWIFT_STANDARD_LIBRARIES = YES;
				BUNDLE_LOADER = "$(TEST_HOST)";
				CODE_SIGN_STYLE = Automatic;
				CURRENT_PROJECT_VERSION = 1;
				DEVELOPMENT_TEAM = 2BJ4272MRL;
				GENERATE_INFOPLIST_FILE = YES;
				IPHONEOS_DEPLOYMENT_TARGET = 15.4;
				MARKETING_VERSION = 1.0;
				PRODUCT_BUNDLE_IDENTIFIER = actia.BLEScanTests;
				PRODUCT_NAME = "$(TARGET_NAME)";
				SWIFT_EMIT_LOC_STRINGS = NO;
				SWIFT_VERSION = 5.0;
				TARGETED_DEVICE_FAMILY = "1,2";
				TEST_HOST = "$(BUILT_PRODUCTS_DIR)/BLEScan.app/BLEScan";
			};
			name = Debug;
		};
		043A572927E87FBF005492E2 /* Release */ = {
			isa = XCBuildConfiguration;
			buildSettings = {
				ALWAYS_EMBED_SWIFT_STANDARD_LIBRARIES = YES;
				BUNDLE_LOADER = "$(TEST_HOST)";
				CODE_SIGN_STYLE = Automatic;
				CURRENT_PROJECT_VERSION = 1;
				DEVELOPMENT_TEAM = 2BJ4272MRL;
				GENERATE_INFOPLIST_FILE = YES;
				IPHONEOS_DEPLOYMENT_TARGET = 15.4;
				MARKETING_VERSION = 1.0;
				PRODUCT_BUNDLE_IDENTIFIER = actia.BLEScanTests;
				PRODUCT_NAME = "$(TARGET_NAME)";
				SWIFT_EMIT_LOC_STRINGS = NO;
				SWIFT_VERSION = 5.0;
				TARGETED_DEVICE_FAMILY = "1,2";
				TEST_HOST = "$(BUILT_PRODUCTS_DIR)/BLEScan.app/BLEScan";
			};
			name = Release;
		};
		043A572B27E87FBF005492E2 /* Debug */ = {
			isa = XCBuildConfiguration;
			buildSettings = {
				ALWAYS_EMBED_SWIFT_STANDARD_LIBRARIES = YES;
				CODE_SIGN_STYLE = Automatic;
				CURRENT_PROJECT_VERSION = 1;
				DEVELOPMENT_TEAM = 2BJ4272MRL;
				GENERATE_INFOPLIST_FILE = YES;
				MARKETING_VERSION = 1.0;
				PRODUCT_BUNDLE_IDENTIFIER = actia.BLEScanUITests;
				PRODUCT_NAME = "$(TARGET_NAME)";
				SWIFT_EMIT_LOC_STRINGS = NO;
				SWIFT_VERSION = 5.0;
				TARGETED_DEVICE_FAMILY = "1,2";
				TEST_TARGET_NAME = BLEScan;
			};
			name = Debug;
		};
		043A572C27E87FBF005492E2 /* Release */ = {
			isa = XCBuildConfiguration;
			buildSettings = {
				ALWAYS_EMBED_SWIFT_STANDARD_LIBRARIES = YES;
				CODE_SIGN_STYLE = Automatic;
				CURRENT_PROJECT_VERSION = 1;
				DEVELOPMENT_TEAM = 2BJ4272MRL;
				GENERATE_INFOPLIST_FILE = YES;
				MARKETING_VERSION = 1.0;
				PRODUCT_BUNDLE_IDENTIFIER = actia.BLEScanUITests;
				PRODUCT_NAME = "$(TARGET_NAME)";
				SWIFT_EMIT_LOC_STRINGS = NO;
				SWIFT_VERSION = 5.0;
				TARGETED_DEVICE_FAMILY = "1,2";
				TEST_TARGET_NAME = BLEScan;
			};
			name = Release;
		};
/* End XCBuildConfiguration section */

/* Begin XCConfigurationList section */
		043A56F527E87FBD005492E2 /* Build configuration list for PBXProject "BLEScan" */ = {
			isa = XCConfigurationList;
			buildConfigurations = (
				043A572227E87FBF005492E2 /* Debug */,
				043A572327E87FBF005492E2 /* Release */,
			);
			defaultConfigurationIsVisible = 0;
			defaultConfigurationName = Release;
		};
		043A572427E87FBF005492E2 /* Build configuration list for PBXNativeTarget "BLEScan" */ = {
			isa = XCConfigurationList;
			buildConfigurations = (
				043A572527E87FBF005492E2 /* Debug */,
				043A572627E87FBF005492E2 /* Release */,
			);
			defaultConfigurationIsVisible = 0;
			defaultConfigurationName = Release;
		};
		043A572727E87FBF005492E2 /* Build configuration list for PBXNativeTarget "BLEScanTests" */ = {
			isa = XCConfigurationList;
			buildConfigurations = (
				043A572827E87FBF005492E2 /* Debug */,
				043A572927E87FBF005492E2 /* Release */,
			);
			defaultConfigurationIsVisible = 0;
			defaultConfigurationName = Release;
		};
		043A572A27E87FBF005492E2 /* Build configuration list for PBXNativeTarget "BLEScanUITests" */ = {
			isa = XCConfigurationList;
			buildConfigurations = (
				043A572B27E87FBF005492E2 /* Debug */,
				043A572C27E87FBF005492E2 /* Release */,
			);
			defaultConfigurationIsVisible = 0;
			defaultConfigurationName = Release;
		};
/* End XCConfigurationList section */
	};
	rootObject = 043A56F227E87FBD005492E2 /* Project object */;
}
